
Microsoft Visual Studio Solution File, Format Version 12.00
# Visual Studio Version 17
VisualStudioVersion = 17.11.35312.102
MinimumVisualStudioVersion = 10.0.40219.1
Project("{FAE04EC0-301F-11D3-BF4B-00C04F79EFBC}") = "ZigitTest", "ZigitTest\ZigitTest.csproj", "{8D7D18EB-B4F5-4CB8-BE6D-886C3777877E}"
EndProject
Global
	GlobalSection(SolutionConfigurationPlatforms) = preSolution
		Debug|Any CPU = Debug|Any CPU
		Release|Any CPU = Release|Any CPU
	EndGlobalSection
	GlobalSection(ProjectConfigurationPlatforms) = postSolution
		{8D7D18EB-B4F5-4CB8-BE6D-886C3777877E}.Debug|Any CPU.ActiveCfg = Debug|Any CPU
		{8D7D18EB-B4F5-4CB8-BE6D-886C3777877E}.Debug|Any CPU.Build.0 = Debug|Any CPU
		{8D7D18EB-B4F5-4CB8-BE6D-886C3777877E}.Release|Any CPU.ActiveCfg = Release|Any CPU
		{8D7D18EB-B4F5-4CB8-BE6D-886C3777877E}.Release|Any CPU.Build.0 = Release|Any CPU
	EndGlobalSection
	GlobalSection(SolutionProperties) = preSolution
		HideSolutionNode = FALSE
	EndGlobalSection
	GlobalSection(ExtensibilityGlobals) = postSolution
		SolutionGuid = {76254454-EB53-49E8-BDDA-80A892E47B5A}
	EndGlobalSection
EndGlobal
